{
  "version": 4,
  "terraform_version": "1.2.7",
  "serial": 1,
  "lineage": "04d4ec3c-a34a-be6d-a522-6593b3fde886",
  "outputs": {},
  "resources": [
    {
      "mode": "managed",
      "type": "aws_vpc",
      "name": "main",
      "provider": "provider[\"registry.terraform.io/hashicorp/aws\"]",
      "instances": [
        {
          "schema_version": 1,
          "attributes": {
            "arn": "arn:aws:ec2:us-east-1:079467253171:vpc/vpc-027038c99b353b79c",
            "assign_generated_ipv6_cidr_block": false,
            "cidr_block": "10.123.0.0/16",
            "default_network_acl_id": "acl-0877d28ae92ab2a39",
            "default_route_table_id": "rtb-0704f021bb2f6df04",
            "default_security_group_id": "sg-04959a9c5acf7c0db",
            "dhcp_options_id": "dopt-05728200aeebef27b",
            "enable_classiclink": false,
            "enable_classiclink_dns_support": false,
            "enable_dns_hostnames": true,
            "enable_dns_support": true,
            "enable_network_address_usage_metrics": false,
            "id": "vpc-027038c99b353b79c",
            "instance_tenancy": "default",
            "ipv4_ipam_pool_id": null,
            "ipv4_netmask_length": null,
            "ipv6_association_id": "",
            "ipv6_cidr_block": "",
            "ipv6_cidr_block_network_border_group": "",
            "ipv6_ipam_pool_id": "",
            "ipv6_netmask_length": 0,
            "main_route_table_id": "rtb-0704f021bb2f6df04",
            "owner_id": "079467253171",
            "tags": {
              "Name": "Prod"
            },
            "tags_all": {
              "Name": "Prod"
            }
          },
          "sensitive_attributes": [],
          "private": "eyJzY2hlbWFfdmVyc2lvbiI6IjEifQ=="
        }
      ]
    }
  ]
}
